// !$*UTF8*$!
{
	archiveVersion = 1;
	classes = {
	};
	objectVersion = 56;
	objects = {

/* Begin PBXBuildFile section */
		EB11A98B2BDE8B1B00039964 /* EconomateApp.swift in Sources */ = {isa = PBXBuildFile; fileRef = EB11A98A2BDE8B1B00039964 /* EconomateApp.swift */; };
		EB11A98D2BDE8B1B00039964 /* SignView.swift in Sources */ = {isa = PBXBuildFile; fileRef = EB11A98C2BDE8B1B00039964 /* SignView.swift */; };
		EB11A98F2BDE8B1C00039964 /* Assets.xcassets in Resources */ = {isa = PBXBuildFile; fileRef = EB11A98E2BDE8B1C00039964 /* Assets.xcassets */; };
		EB11A9922BDE8B1C00039964 /* Preview Assets.xcassets in Resources */ = {isa = PBXBuildFile; fileRef = EB11A9912BDE8B1C00039964 /* Preview Assets.xcassets */; };
		EB11A9992BDE8BA500039964 /* MainView.swift in Sources */ = {isa = PBXBuildFile; fileRef = EB11A9982BDE8BA500039964 /* MainView.swift */; };
		EB11A99D2BDE8C3800039964 /* ScannerView.swift in Sources */ = {isa = PBXBuildFile; fileRef = EB11A99C2BDE8C3800039964 /* ScannerView.swift */; };
		EB11A99F2BDE8F6700039964 /* ProfileView.swift in Sources */ = {isa = PBXBuildFile; fileRef = EB11A99E2BDE8F6700039964 /* ProfileView.swift */; };
		EB11A9A12BDE8FC000039964 /* SettingsView.swift in Sources */ = {isa = PBXBuildFile; fileRef = EB11A9A02BDE8FC000039964 /* SettingsView.swift */; };
		EB11A9A72BDEA1DF00039964 /* DashboardView.swift in Sources */ = {isa = PBXBuildFile; fileRef = EB11A9A62BDEA1DF00039964 /* DashboardView.swift */; };
		EB233C152BFF9101008388A6 /* GoogleService-Info.plist in Resources */ = {isa = PBXBuildFile; fileRef = EB233C142BFF9101008388A6 /* GoogleService-Info.plist */; };
		EB233C1C2BFF9273008388A6 /* User.swift in Sources */ = {isa = PBXBuildFile; fileRef = EB233C1B2BFF9273008388A6 /* User.swift */; };
		EB233C1F2BFF92DD008388A6 /* SignViewModel.swift in Sources */ = {isa = PBXBuildFile; fileRef = EB233C1E2BFF92DD008388A6 /* SignViewModel.swift */; };
		EB233C232C03B649008388A6 /* FirebaseManager.swift in Sources */ = {isa = PBXBuildFile; fileRef = EB233C222C03B649008388A6 /* FirebaseManager.swift */; };
		EB233C262C03B775008388A6 /* FirebaseAuth in Frameworks */ = {isa = PBXBuildFile; productRef = EB233C252C03B775008388A6 /* FirebaseAuth */; };
		EB233C2A2C03B7EA008388A6 /* FirebaseFirestore in Frameworks */ = {isa = PBXBuildFile; productRef = EB233C292C03B7EA008388A6 /* FirebaseFirestore */; };
		EB233C2C2C03B7EA008388A6 /* FirebaseFirestoreSwift in Frameworks */ = {isa = PBXBuildFile; productRef = EB233C2B2C03B7EA008388A6 /* FirebaseFirestoreSwift */; };
		EB233C2E2C03B9B1008388A6 /* NetworkManager.swift in Sources */ = {isa = PBXBuildFile; fileRef = EB233C2D2C03B9B1008388A6 /* NetworkManager.swift */; };
		EB7D9A042C0A16E4006BE2E9 /* GenerativeAi-Info.plist in Resources */ = {isa = PBXBuildFile; fileRef = EB7D9A032C0A16E4006BE2E9 /* GenerativeAi-Info.plist */; };
		EB7D9A062C0A173D006BE2E9 /* APIKey.swift in Sources */ = {isa = PBXBuildFile; fileRef = EB7D9A052C0A173D006BE2E9 /* APIKey.swift */; };
		EB7D9A0A2C0A6598006BE2E9 /* GoogleGenerativeAI in Frameworks */ = {isa = PBXBuildFile; productRef = EB7D9A092C0A6598006BE2E9 /* GoogleGenerativeAI */; };
		EB7D9A0C2C0A66B0006BE2E9 /* OcrManager.swift in Sources */ = {isa = PBXBuildFile; fileRef = EB7D9A0B2C0A66B0006BE2E9 /* OcrManager.swift */; };
		EBDD3D6A2C07C3900083A843 /* ProfileViewModel.swift in Sources */ = {isa = PBXBuildFile; fileRef = EBDD3D692C07C3900083A843 /* ProfileViewModel.swift */; };
		EBF883012BF7DEB700209FF6 /* ImagePicker.swift in Sources */ = {isa = PBXBuildFile; fileRef = EBF883002BF7DEB700209FF6 /* ImagePicker.swift */; };
		EBFF3AC52C0CA78F001BEF80 /* Reciepts.swift in Sources */ = {isa = PBXBuildFile; fileRef = EBFF3AC42C0CA78F001BEF80 /* Reciepts.swift */; };
		EBFF3AC72C0CC1A6001BEF80 /* DashboardViewModel.swift in Sources */ = {isa = PBXBuildFile; fileRef = EBFF3AC62C0CC1A6001BEF80 /* DashboardViewModel.swift */; };
		EBFF3AC92C0CC6AD001BEF80 /* EmptyView.swift in Sources */ = {isa = PBXBuildFile; fileRef = EBFF3AC82C0CC6AD001BEF80 /* EmptyView.swift */; };
/* End PBXBuildFile section */

/* Begin PBXFileReference section */
		EB11A9872BDE8B1B00039964 /* Economate.app */ = {isa = PBXFileReference; explicitFileType = wrapper.application; includeInIndex = 0; path = Economate.app; sourceTree = BUILT_PRODUCTS_DIR; };
		EB11A98A2BDE8B1B00039964 /* EconomateApp.swift */ = {isa = PBXFileReference; lastKnownFileType = sourcecode.swift; path = EconomateApp.swift; sourceTree = "<group>"; };
		EB11A98C2BDE8B1B00039964 /* SignView.swift */ = {isa = PBXFileReference; lastKnownFileType = sourcecode.swift; path = SignView.swift; sourceTree = "<group>"; };
		EB11A98E2BDE8B1C00039964 /* Assets.xcassets */ = {isa = PBXFileReference; lastKnownFileType = folder.assetcatalog; path = Assets.xcassets; sourceTree = "<group>"; };
		EB11A9912BDE8B1C00039964 /* Preview Assets.xcassets */ = {isa = PBXFileReference; lastKnownFileType = folder.assetcatalog; path = "Preview Assets.xcassets"; sourceTree = "<group>"; };
		EB11A9982BDE8BA500039964 /* MainView.swift */ = {isa = PBXFileReference; lastKnownFileType = sourcecode.swift; path = MainView.swift; sourceTree = "<group>"; };
		EB11A99C2BDE8C3800039964 /* ScannerView.swift */ = {isa = PBXFileReference; lastKnownFileType = sourcecode.swift; path = ScannerView.swift; sourceTree = "<group>"; };
		EB11A99E2BDE8F6700039964 /* ProfileView.swift */ = {isa = PBXFileReference; lastKnownFileType = sourcecode.swift; path = ProfileView.swift; sourceTree = "<group>"; };
		EB11A9A02BDE8FC000039964 /* SettingsView.swift */ = {isa = PBXFileReference; lastKnownFileType = sourcecode.swift; path = SettingsView.swift; sourceTree = "<group>"; };
		EB11A9A62BDEA1DF00039964 /* DashboardView.swift */ = {isa = PBXFileReference; lastKnownFileType = sourcecode.swift; path = DashboardView.swift; sourceTree = "<group>"; };
		EB233C142BFF9101008388A6 /* GoogleService-Info.plist */ = {isa = PBXFileReference; fileEncoding = 4; lastKnownFileType = text.plist.xml; path = "GoogleService-Info.plist"; sourceTree = "<group>"; };
		EB233C1B2BFF9273008388A6 /* User.swift */ = {isa = PBXFileReference; lastKnownFileType = sourcecode.swift; path = User.swift; sourceTree = "<group>"; };
		EB233C1E2BFF92DD008388A6 /* SignViewModel.swift */ = {isa = PBXFileReference; lastKnownFileType = sourcecode.swift; path = SignViewModel.swift; sourceTree = "<group>"; };
		EB233C222C03B649008388A6 /* FirebaseManager.swift */ = {isa = PBXFileReference; lastKnownFileType = sourcecode.swift; path = FirebaseManager.swift; sourceTree = "<group>"; };
		EB233C282C03B7D7008388A6 /* Info.plist */ = {isa = PBXFileReference; lastKnownFileType = text.plist; path = Info.plist; sourceTree = "<group>"; };
		EB233C2D2C03B9B1008388A6 /* NetworkManager.swift */ = {isa = PBXFileReference; lastKnownFileType = sourcecode.swift; path = NetworkManager.swift; sourceTree = "<group>"; };
		EB7D9A032C0A16E4006BE2E9 /* GenerativeAi-Info.plist */ = {isa = PBXFileReference; lastKnownFileType = text.plist.xml; path = "GenerativeAi-Info.plist"; sourceTree = "<group>"; };
		EB7D9A052C0A173D006BE2E9 /* APIKey.swift */ = {isa = PBXFileReference; lastKnownFileType = sourcecode.swift; path = APIKey.swift; sourceTree = "<group>"; };
		EB7D9A0B2C0A66B0006BE2E9 /* OcrManager.swift */ = {isa = PBXFileReference; lastKnownFileType = sourcecode.swift; path = OcrManager.swift; sourceTree = "<group>"; };
		EBDD3D692C07C3900083A843 /* ProfileViewModel.swift */ = {isa = PBXFileReference; lastKnownFileType = sourcecode.swift; path = ProfileViewModel.swift; sourceTree = "<group>"; };
		EBF883002BF7DEB700209FF6 /* ImagePicker.swift */ = {isa = PBXFileReference; lastKnownFileType = sourcecode.swift; path = ImagePicker.swift; sourceTree = "<group>"; };
		EBFF3AC42C0CA78F001BEF80 /* Reciepts.swift */ = {isa = PBXFileReference; lastKnownFileType = sourcecode.swift; path = Reciepts.swift; sourceTree = "<group>"; };
		EBFF3AC62C0CC1A6001BEF80 /* DashboardViewModel.swift */ = {isa = PBXFileReference; lastKnownFileType = sourcecode.swift; path = DashboardViewModel.swift; sourceTree = "<group>"; };
		EBFF3AC82C0CC6AD001BEF80 /* EmptyView.swift */ = {isa = PBXFileReference; lastKnownFileType = sourcecode.swift; path = EmptyView.swift; sourceTree = "<group>"; };
/* End PBXFileReference section */

/* Begin PBXFrameworksBuildPhase section */
		EB11A9842BDE8B1B00039964 /* Frameworks */ = {
			isa = PBXFrameworksBuildPhase;
			buildActionMask = 2147483647;
			files = (
				EB233C262C03B775008388A6 /* FirebaseAuth in Frameworks */,
				EB233C2A2C03B7EA008388A6 /* FirebaseFirestore in Frameworks */,
				EB233C2C2C03B7EA008388A6 /* FirebaseFirestoreSwift in Frameworks */,
				EB7D9A0A2C0A6598006BE2E9 /* GoogleGenerativeAI in Frameworks */,
			);
			runOnlyForDeploymentPostprocessing = 0;
		};
/* End PBXFrameworksBuildPhase section */

/* Begin PBXGroup section */
		EB11A97E2BDE8B1B00039964 = {
			isa = PBXGroup;
			children = (
				EB11A9892BDE8B1B00039964 /* Economate */,
				EB11A9882BDE8B1B00039964 /* Products */,
			);
			sourceTree = "<group>";
		};
		EB11A9882BDE8B1B00039964 /* Products */ = {
			isa = PBXGroup;
			children = (
				EB11A9872BDE8B1B00039964 /* Economate.app */,
			);
			name = Products;
			sourceTree = "<group>";
		};
		EB11A9892BDE8B1B00039964 /* Economate */ = {
			isa = PBXGroup;
			children = (
				EB233C282C03B7D7008388A6 /* Info.plist */,
				EB233C212C03B63F008388A6 /* Network Manager */,
				EB233C1A2BFF923D008388A6 /* Views */,
				EB233C192BFF9237008388A6 /* Models */,
				EB233C182BFF922C008388A6 /* Screen */,
				EB11A98A2BDE8B1B00039964 /* EconomateApp.swift */,
				EB11A98E2BDE8B1C00039964 /* Assets.xcassets */,
				EB233C142BFF9101008388A6 /* GoogleService-Info.plist */,
				EB11A9902BDE8B1C00039964 /* Preview Content */,
				EB7D9A032C0A16E4006BE2E9 /* GenerativeAi-Info.plist */,
			);
			path = Economate;
			sourceTree = "<group>";
		};
		EB11A9902BDE8B1C00039964 /* Preview Content */ = {
			isa = PBXGroup;
			children = (
				EB11A9912BDE8B1C00039964 /* Preview Assets.xcassets */,
			);
			path = "Preview Content";
			sourceTree = "<group>";
		};
		EB233C182BFF922C008388A6 /* Screen */ = {
			isa = PBXGroup;
			children = (
				EBDD3D682C07BC290083A843 /* ProfileView */,
				EBDD3D672C07BC160083A843 /* ScannerView */,
				EBDD3D662C07BA920083A843 /* DashboardView */,
				EBDD3D652C07BA840083A843 /* MainView */,
				EBDD3D642C07B8D40083A843 /* SettingsView */,
				EB233C1D2BFF92CD008388A6 /* SignView */,
			);
			path = Screen;
			sourceTree = "<group>";
		};
		EB233C192BFF9237008388A6 /* Models */ = {
			isa = PBXGroup;
			children = (
				EB233C1B2BFF9273008388A6 /* User.swift */,
				EBFF3AC42C0CA78F001BEF80 /* Reciepts.swift */,
			);
			path = Models;
			sourceTree = "<group>";
		};
		EB233C1A2BFF923D008388A6 /* Views */ = {
			isa = PBXGroup;
			children = (
				EBFF3AC82C0CC6AD001BEF80 /* EmptyView.swift */,
			);
			path = Views;
			sourceTree = "<group>";
		};
		EB233C1D2BFF92CD008388A6 /* SignView */ = {
			isa = PBXGroup;
			children = (
				EB11A98C2BDE8B1B00039964 /* SignView.swift */,
				EB233C1E2BFF92DD008388A6 /* SignViewModel.swift */,
			);
			path = SignView;
			sourceTree = "<group>";
		};
		EB233C212C03B63F008388A6 /* Network Manager */ = {
			isa = PBXGroup;
			children = (
				EB7D9A052C0A173D006BE2E9 /* APIKey.swift */,
				EB233C222C03B649008388A6 /* FirebaseManager.swift */,
				EB233C2D2C03B9B1008388A6 /* NetworkManager.swift */,
				EB7D9A0B2C0A66B0006BE2E9 /* OcrManager.swift */,
			);
			path = "Network Manager";
			sourceTree = "<group>";
		};
		EBDD3D642C07B8D40083A843 /* SettingsView */ = {
			isa = PBXGroup;
			children = (
				EB11A9A02BDE8FC000039964 /* SettingsView.swift */,
			);
			path = SettingsView;
			sourceTree = "<group>";
		};
		EBDD3D652C07BA840083A843 /* MainView */ = {
			isa = PBXGroup;
			children = (
				EB11A9982BDE8BA500039964 /* MainView.swift */,
			);
			path = MainView;
			sourceTree = "<group>";
		};
		EBDD3D662C07BA920083A843 /* DashboardView */ = {
			isa = PBXGroup;
			children = (
				EB11A9A62BDEA1DF00039964 /* DashboardView.swift */,
				EBFF3AC62C0CC1A6001BEF80 /* DashboardViewModel.swift */,
			);
			path = DashboardView;
			sourceTree = "<group>";
		};
		EBDD3D672C07BC160083A843 /* ScannerView */ = {
			isa = PBXGroup;
			children = (
				EBF883002BF7DEB700209FF6 /* ImagePicker.swift */,
				EB11A99C2BDE8C3800039964 /* ScannerView.swift */,
			);
			path = ScannerView;
			sourceTree = "<group>";
		};
		EBDD3D682C07BC290083A843 /* ProfileView */ = {
			isa = PBXGroup;
			children = (
				EB11A99E2BDE8F6700039964 /* ProfileView.swift */,
				EBDD3D692C07C3900083A843 /* ProfileViewModel.swift */,
			);
			path = ProfileView;
			sourceTree = "<group>";
		};
/* End PBXGroup section */

/* Begin PBXNativeTarget section */
		EB11A9862BDE8B1B00039964 /* Economate */ = {
			isa = PBXNativeTarget;
			buildConfigurationList = EB11A9952BDE8B1C00039964 /* Build configuration list for PBXNativeTarget "Economate" */;
			buildPhases = (
				EB11A9832BDE8B1B00039964 /* Sources */,
				EB11A9842BDE8B1B00039964 /* Frameworks */,
				EB11A9852BDE8B1B00039964 /* Resources */,
			);
			buildRules = (
			);
			dependencies = (
			);
			name = Economate;
			packageProductDependencies = (
				EB233C252C03B775008388A6 /* FirebaseAuth */,
				EB233C292C03B7EA008388A6 /* FirebaseFirestore */,
				EB233C2B2C03B7EA008388A6 /* FirebaseFirestoreSwift */,
				EB7D9A092C0A6598006BE2E9 /* GoogleGenerativeAI */,
			);
			productName = Economate;
			productReference = EB11A9872BDE8B1B00039964 /* Economate.app */;
			productType = "com.apple.product-type.application";
		};
/* End PBXNativeTarget section */

/* Begin PBXProject section */
		EB11A97F2BDE8B1B00039964 /* Project object */ = {
			isa = PBXProject;
			attributes = {
				BuildIndependentTargetsInParallel = 1;
				LastSwiftUpdateCheck = 1420;
				LastUpgradeCheck = 1420;
				TargetAttributes = {
					EB11A9862BDE8B1B00039964 = {
						CreatedOnToolsVersion = 14.2;
					};
				};
			};
			buildConfigurationList = EB11A9822BDE8B1B00039964 /* Build configuration list for PBXProject "Economate" */;
			compatibilityVersion = "Xcode 14.0";
			developmentRegion = en;
			hasScannedForEncodings = 0;
			knownRegions = (
				en,
				Base,
			);
			mainGroup = EB11A97E2BDE8B1B00039964;
			packageReferences = (
				EB233C202C03ADE8008388A6 /* XCRemoteSwiftPackageReference "firebase-ios-sdk" */,
				EB7D9A082C0A6598006BE2E9 /* XCRemoteSwiftPackageReference "generative-ai-swift" */,
			);
			productRefGroup = EB11A9882BDE8B1B00039964 /* Products */;
			projectDirPath = "";
			projectRoot = "";
			targets = (
				EB11A9862BDE8B1B00039964 /* Economate */,
			);
		};
/* End PBXProject section */

/* Begin PBXResourcesBuildPhase section */
		EB11A9852BDE8B1B00039964 /* Resources */ = {
			isa = PBXResourcesBuildPhase;
			buildActionMask = 2147483647;
			files = (
				EB11A9922BDE8B1C00039964 /* Preview Assets.xcassets in Resources */,
				EB11A98F2BDE8B1C00039964 /* Assets.xcassets in Resources */,
				EB7D9A042C0A16E4006BE2E9 /* GenerativeAi-Info.plist in Resources */,
				EB233C152BFF9101008388A6 /* GoogleService-Info.plist in Resources */,
			);
			runOnlyForDeploymentPostprocessing = 0;
		};
/* End PBXResourcesBuildPhase section */

/* Begin PBXSourcesBuildPhase section */
		EB11A9832BDE8B1B00039964 /* Sources */ = {
			isa = PBXSourcesBuildPhase;
			buildActionMask = 2147483647;
			files = (
				EB7D9A0C2C0A66B0006BE2E9 /* OcrManager.swift in Sources */,
				EB233C232C03B649008388A6 /* FirebaseManager.swift in Sources */,
				EB233C1F2BFF92DD008388A6 /* SignViewModel.swift in Sources */,
				EBFF3AC72C0CC1A6001BEF80 /* DashboardViewModel.swift in Sources */,
				EB11A98D2BDE8B1B00039964 /* SignView.swift in Sources */,
				EBFF3AC92C0CC6AD001BEF80 /* EmptyView.swift in Sources */,
				EB233C2E2C03B9B1008388A6 /* NetworkManager.swift in Sources */,
				EB11A99D2BDE8C3800039964 /* ScannerView.swift in Sources */,
				EB11A99F2BDE8F6700039964 /* ProfileView.swift in Sources */,
				EBDD3D6A2C07C3900083A843 /* ProfileViewModel.swift in Sources */,
				EBFF3AC52C0CA78F001BEF80 /* Reciepts.swift in Sources */,
				EB11A9A72BDEA1DF00039964 /* DashboardView.swift in Sources */,
				EB7D9A062C0A173D006BE2E9 /* APIKey.swift in Sources */,
				EB11A9A12BDE8FC000039964 /* SettingsView.swift in Sources */,
				EBF883012BF7DEB700209FF6 /* ImagePicker.swift in Sources */,
				EB11A9992BDE8BA500039964 /* MainView.swift in Sources */,
				EB233C1C2BFF9273008388A6 /* User.swift in Sources */,
				EB11A98B2BDE8B1B00039964 /* EconomateApp.swift in Sources */,
			);
			runOnlyForDeploymentPostprocessing = 0;
		};
/* End PBXSourcesBuildPhase section */

/* Begin XCBuildConfiguration section */
		EB11A9932BDE8B1C00039964 /* Debug */ = {
			isa = XCBuildConfiguration;
			buildSettings = {
				ALWAYS_SEARCH_USER_PATHS = NO;
				CLANG_ANALYZER_NONNULL = YES;
				CLANG_ANALYZER_NUMBER_OBJECT_CONVERSION = YES_AGGRESSIVE;
				CLANG_CXX_LANGUAGE_STANDARD = "gnu++20";
				CLANG_ENABLE_MODULES = YES;
				CLANG_ENABLE_OBJC_ARC = YES;
				CLANG_ENABLE_OBJC_WEAK = YES;
				CLANG_WARN_BLOCK_CAPTURE_AUTORELEASING = YES;
				CLANG_WARN_BOOL_CONVERSION = YES;
				CLANG_WARN_COMMA = YES;
				CLANG_WARN_CONSTANT_CONVERSION = YES;
				CLANG_WARN_DEPRECATED_OBJC_IMPLEMENTATIONS = YES;
				CLANG_WARN_DIRECT_OBJC_ISA_USAGE = YES_ERROR;
				CLANG_WARN_DOCUMENTATION_COMMENTS = YES;
				CLANG_WARN_EMPTY_BODY = YES;
				CLANG_WARN_ENUM_CONVERSION = YES;
				CLANG_WARN_INFINITE_RECURSION = YES;
				CLANG_WARN_INT_CONVERSION = YES;
				CLANG_WARN_NON_LITERAL_NULL_CONVERSION = YES;
				CLANG_WARN_OBJC_IMPLICIT_RETAIN_SELF = YES;
				CLANG_WARN_OBJC_LITERAL_CONVERSION = YES;
				CLANG_WARN_OBJC_ROOT_CLASS = YES_ERROR;
				CLANG_WARN_QUOTED_INCLUDE_IN_FRAMEWORK_HEADER = YES;
				CLANG_WARN_RANGE_LOOP_ANALYSIS = YES;
				CLANG_WARN_STRICT_PROTOTYPES = YES;
				CLANG_WARN_SUSPICIOUS_MOVE = YES;
				CLANG_WARN_UNGUARDED_AVAILABILITY = YES_AGGRESSIVE;
				CLANG_WARN_UNREACHABLE_CODE = YES;
				CLANG_WARN__DUPLICATE_METHOD_MATCH = YES;
				COPY_PHASE_STRIP = NO;
				DEBUG_INFORMATION_FORMAT = dwarf;
				ENABLE_STRICT_OBJC_MSGSEND = YES;
				ENABLE_TESTABILITY = YES;
				GCC_C_LANGUAGE_STANDARD = gnu11;
				GCC_DYNAMIC_NO_PIC = NO;
				GCC_NO_COMMON_BLOCKS = YES;
				GCC_OPTIMIZATION_LEVEL = 0;
				GCC_PREPROCESSOR_DEFINITIONS = (
					"DEBUG=1",
					"$(inherited)",
				);
				GCC_WARN_64_TO_32_BIT_CONVERSION = YES;
				GCC_WARN_ABOUT_RETURN_TYPE = YES_ERROR;
				GCC_WARN_UNDECLARED_SELECTOR = YES;
				GCC_WARN_UNINITIALIZED_AUTOS = YES_AGGRESSIVE;
				GCC_WARN_UNUSED_FUNCTION = YES;
				GCC_WARN_UNUSED_VARIABLE = YES;
				IPHONEOS_DEPLOYMENT_TARGET = 16.2;
				MTL_ENABLE_DEBUG_INFO = INCLUDE_SOURCE;
				MTL_FAST_MATH = YES;
				ONLY_ACTIVE_ARCH = YES;
				SDKROOT = iphoneos;
				SWIFT_ACTIVE_COMPILATION_CONDITIONS = DEBUG;
				SWIFT_OPTIMIZATION_LEVEL = "-Onone";
			};
			name = Debug;
		};
		EB11A9942BDE8B1C00039964 /* Release */ = {
			isa = XCBuildConfiguration;
			buildSettings = {
				ALWAYS_SEARCH_USER_PATHS = NO;
				CLANG_ANALYZER_NONNULL = YES;
				CLANG_ANALYZER_NUMBER_OBJECT_CONVERSION = YES_AGGRESSIVE;
				CLANG_CXX_LANGUAGE_STANDARD = "gnu++20";
				CLANG_ENABLE_MODULES = YES;
				CLANG_ENABLE_OBJC_ARC = YES;
				CLANG_ENABLE_OBJC_WEAK = YES;
				CLANG_WARN_BLOCK_CAPTURE_AUTORELEASING = YES;
				CLANG_WARN_BOOL_CONVERSION = YES;
				CLANG_WARN_COMMA = YES;
				CLANG_WARN_CONSTANT_CONVERSION = YES;
				CLANG_WARN_DEPRECATED_OBJC_IMPLEMENTATIONS = YES;
				CLANG_WARN_DIRECT_OBJC_ISA_USAGE = YES_ERROR;
				CLANG_WARN_DOCUMENTATION_COMMENTS = YES;
				CLANG_WARN_EMPTY_BODY = YES;
				CLANG_WARN_ENUM_CONVERSION = YES;
				CLANG_WARN_INFINITE_RECURSION = YES;
				CLANG_WARN_INT_CONVERSION = YES;
				CLANG_WARN_NON_LITERAL_NULL_CONVERSION = YES;
				CLANG_WARN_OBJC_IMPLICIT_RETAIN_SELF = YES;
				CLANG_WARN_OBJC_LITERAL_CONVERSION = YES;
				CLANG_WARN_OBJC_ROOT_CLASS = YES_ERROR;
				CLANG_WARN_QUOTED_INCLUDE_IN_FRAMEWORK_HEADER = YES;
				CLANG_WARN_RANGE_LOOP_ANALYSIS = YES;
				CLANG_WARN_STRICT_PROTOTYPES = YES;
				CLANG_WARN_SUSPICIOUS_MOVE = YES;
				CLANG_WARN_UNGUARDED_AVAILABILITY = YES_AGGRESSIVE;
				CLANG_WARN_UNREACHABLE_CODE = YES;
				CLANG_WARN__DUPLICATE_METHOD_MATCH = YES;
				COPY_PHASE_STRIP = NO;
				DEBUG_INFORMATION_FORMAT = "dwarf-with-dsym";
				ENABLE_NS_ASSERTIONS = NO;
				ENABLE_STRICT_OBJC_MSGSEND = YES;
				GCC_C_LANGUAGE_STANDARD = gnu11;
				GCC_NO_COMMON_BLOCKS = YES;
				GCC_WARN_64_TO_32_BIT_CONVERSION = YES;
				GCC_WARN_ABOUT_RETURN_TYPE = YES_ERROR;
				GCC_WARN_UNDECLARED_SELECTOR = YES;
				GCC_WARN_UNINITIALIZED_AUTOS = YES_AGGRESSIVE;
				GCC_WARN_UNUSED_FUNCTION = YES;
				GCC_WARN_UNUSED_VARIABLE = YES;
				IPHONEOS_DEPLOYMENT_TARGET = 16.2;
				MTL_ENABLE_DEBUG_INFO = NO;
				MTL_FAST_MATH = YES;
				SDKROOT = iphoneos;
				SWIFT_COMPILATION_MODE = wholemodule;
				SWIFT_OPTIMIZATION_LEVEL = "-O";
				VALIDATE_PRODUCT = YES;
			};
			name = Release;
		};
		EB11A9962BDE8B1C00039964 /* Debug */ = {
			isa = XCBuildConfiguration;
			buildSettings = {
				ASSETCATALOG_COMPILER_APPICON_NAME = AppIcon;
				ASSETCATALOG_COMPILER_GLOBAL_ACCENT_COLOR_NAME = AccentColor;
				CODE_SIGN_IDENTITY = "Apple Development";
				CODE_SIGN_STYLE = Automatic;
				CURRENT_PROJECT_VERSION = 1;
				DEVELOPMENT_ASSET_PATHS = "\"Economate/Preview Content\"";
				DEVELOPMENT_TEAM = A7P92PH4B4;
				ENABLE_PREVIEWS = YES;
				GENERATE_INFOPLIST_FILE = YES;
				INFOPLIST_FILE = Economate/Info.plist;
				INFOPLIST_KEY_NSCameraUsageDescription = "Please allow the camera usage";
				INFOPLIST_KEY_UIApplicationSceneManifest_Generation = YES;
				INFOPLIST_KEY_UIApplicationSupportsIndirectInputEvents = YES;
				INFOPLIST_KEY_UILaunchScreen_Generation = YES;
				INFOPLIST_KEY_UISupportedInterfaceOrientations_iPad = "UIInterfaceOrientationPortrait UIInterfaceOrientationPortraitUpsideDown UIInterfaceOrientationLandscapeLeft UIInterfaceOrientationLandscapeRight";
				INFOPLIST_KEY_UISupportedInterfaceOrientations_iPhone = "UIInterfaceOrientationPortrait UIInterfaceOrientationLandscapeLeft UIInterfaceOrientationLandscapeRight";
				LD_RUNPATH_SEARCH_PATHS = (
					"$(inherited)",
					"@executable_path/Frameworks",
				);
				MARKETING_VERSION = 1.0;
				PRODUCT_BUNDLE_IDENTIFIER = com.sualpdanaci.Economate2;
				PRODUCT_NAME = "$(TARGET_NAME)";
				PROVISIONING_PROFILE_SPECIFIER = "";
				SWIFT_EMIT_LOC_STRINGS = YES;
				SWIFT_VERSION = 5.0;
				TARGETED_DEVICE_FAMILY = "1,2";
			};
			name = Debug;
		};
		EB11A9972BDE8B1C00039964 /* Release */ = {
			isa = XCBuildConfiguration;
			buildSettings = {
				ASSETCATALOG_COMPILER_APPICON_NAME = AppIcon;
				ASSETCATALOG_COMPILER_GLOBAL_ACCENT_COLOR_NAME = AccentColor;
				CODE_SIGN_IDENTITY = "Apple Development";
				CODE_SIGN_STYLE = Automatic;
				CURRENT_PROJECT_VERSION = 1;
				DEVELOPMENT_ASSET_PATHS = "\"Economate/Preview Content\"";
				DEVELOPMENT_TEAM = A7P92PH4B4;
				ENABLE_PREVIEWS = YES;
				GENERATE_INFOPLIST_FILE = YES;
				INFOPLIST_FILE = Economate/Info.plist;
				INFOPLIST_KEY_NSCameraUsageDescription = "Please allow the camera usage";
				INFOPLIST_KEY_UIApplicationSceneManifest_Generation = YES;
				INFOPLIST_KEY_UIApplicationSupportsIndirectInputEvents = YES;
				INFOPLIST_KEY_UILaunchScreen_Generation = YES;
				INFOPLIST_KEY_UISupportedInterfaceOrientations_iPad = "UIInterfaceOrientationPortrait UIInterfaceOrientationPortraitUpsideDown UIInterfaceOrientationLandscapeLeft UIInterfaceOrientationLandscapeRight";
				INFOPLIST_KEY_UISupportedInterfaceOrientations_iPhone = "UIInterfaceOrientationPortrait UIInterfaceOrientationLandscapeLeft UIInterfaceOrientationLandscapeRight";
				LD_RUNPATH_SEARCH_PATHS = (
					"$(inherited)",
					"@executable_path/Frameworks",
				);
				MARKETING_VERSION = 1.0;
				PRODUCT_BUNDLE_IDENTIFIER = com.sualpdanaci.Economate2;
				PRODUCT_NAME = "$(TARGET_NAME)";
				PROVISIONING_PROFILE_SPECIFIER = "";
				SWIFT_EMIT_LOC_STRINGS = YES;
				SWIFT_VERSION = 5.0;
				TARGETED_DEVICE_FAMILY = "1,2";
			};
			name = Release;
		};
/* End XCBuildConfiguration section */

/* Begin XCConfigurationList section */
		EB11A9822BDE8B1B00039964 /* Build configuration list for PBXProject "Economate" */ = {
			isa = XCConfigurationList;
			buildConfigurations = (
				EB11A9932BDE8B1C00039964 /* Debug */,
				EB11A9942BDE8B1C00039964 /* Release */,
			);
			defaultConfigurationIsVisible = 0;
			defaultConfigurationName = Release;
		};
		EB11A9952BDE8B1C00039964 /* Build configuration list for PBXNativeTarget "Economate" */ = {
			isa = XCConfigurationList;
			buildConfigurations = (
				EB11A9962BDE8B1C00039964 /* Debug */,
				EB11A9972BDE8B1C00039964 /* Release */,
			);
			defaultConfigurationIsVisible = 0;
			defaultConfigurationName = Release;
		};
/* End XCConfigurationList section */

/* Begin XCRemoteSwiftPackageReference section */
		EB233C202C03ADE8008388A6 /* XCRemoteSwiftPackageReference "firebase-ios-sdk" */ = {
			isa = XCRemoteSwiftPackageReference;
			repositoryURL = "https://github.com/firebase/firebase-ios-sdk";
			requirement = {
				kind = upToNextMajorVersion;
				minimumVersion = 9.0.0;
			};
		};
		EB7D9A082C0A6598006BE2E9 /* XCRemoteSwiftPackageReference "generative-ai-swift" */ = {
			isa = XCRemoteSwiftPackageReference;
			repositoryURL = "https://github.com/google/generative-ai-swift";
			requirement = {
				kind = upToNextMajorVersion;
				minimumVersion = 0.5.4;
			};
		};
/* End XCRemoteSwiftPackageReference section */

/* Begin XCSwiftPackageProductDependency section */
		EB233C252C03B775008388A6 /* FirebaseAuth */ = {
			isa = XCSwiftPackageProductDependency;
			package = EB233C202C03ADE8008388A6 /* XCRemoteSwiftPackageReference "firebase-ios-sdk" */;
			productName = FirebaseAuth;
		};
		EB233C292C03B7EA008388A6 /* FirebaseFirestore */ = {
			isa = XCSwiftPackageProductDependency;
			package = EB233C202C03ADE8008388A6 /* XCRemoteSwiftPackageReference "firebase-ios-sdk" */;
			productName = FirebaseFirestore;
		};
		EB233C2B2C03B7EA008388A6 /* FirebaseFirestoreSwift */ = {
			isa = XCSwiftPackageProductDependency;
			package = EB233C202C03ADE8008388A6 /* XCRemoteSwiftPackageReference "firebase-ios-sdk" */;
			productName = FirebaseFirestoreSwift;
		};
		EB7D9A092C0A6598006BE2E9 /* GoogleGenerativeAI */ = {
			isa = XCSwiftPackageProductDependency;
			package = EB7D9A082C0A6598006BE2E9 /* XCRemoteSwiftPackageReference "generative-ai-swift" */;
			productName = GoogleGenerativeAI;
		};
/* End XCSwiftPackageProductDependency section */
	};
	rootObject = EB11A97F2BDE8B1B00039964 /* Project object */;
}
